// !$*UTF8*$!
{
	archiveVersion = 1;
	classes = {
	};
	objectVersion = 46;
	objects = {

/* Begin PBXBuildFile section */
		2C07AC021A0830D2005473F1 /* MonitoredRegionsVC.swift in Sources */ = {isa = PBXBuildFile; fileRef = 2C07AC011A0830D2005473F1 /* MonitoredRegionsVC.swift */; };
		2C1932F51A0EE3D600AE22CC /* SelectedRegionVC.swift in Sources */ = {isa = PBXBuildFile; fileRef = 2C1932F41A0EE3D600AE22CC /* SelectedRegionVC.swift */; };
		2C1E51E01A09816A00F5758F /* Reminder.swift in Sources */ = {isa = PBXBuildFile; fileRef = 2C1E51DF1A09816A00F5758F /* Reminder.swift */; };
		2C97BF3B1A0AA38D00261381 /* CloudKit.framework in Frameworks */ = {isa = PBXBuildFile; fileRef = 2C97BF3A1A0AA38C00261381 /* CloudKit.framework */; };
		2CC809E91A081DAA002266F1 /* AppDelegate.swift in Sources */ = {isa = PBXBuildFile; fileRef = 2CC809E81A081DAA002266F1 /* AppDelegate.swift */; };
		2CC809EC1A081DAA002266F1 /* MapMaker.xcdatamodeld in Sources */ = {isa = PBXBuildFile; fileRef = 2CC809EA1A081DAA002266F1 /* MapMaker.xcdatamodeld */; };
		2CC809F11A081DAA002266F1 /* Main.storyboard in Resources */ = {isa = PBXBuildFile; fileRef = 2CC809EF1A081DAA002266F1 /* Main.storyboard */; };
		2CC809F31A081DAA002266F1 /* Images.xcassets in Resources */ = {isa = PBXBuildFile; fileRef = 2CC809F21A081DAA002266F1 /* Images.xcassets */; };
		2CC809F61A081DAA002266F1 /* LaunchScreen.xib in Resources */ = {isa = PBXBuildFile; fileRef = 2CC809F41A081DAA002266F1 /* LaunchScreen.xib */; };
		2CC80A021A081DAA002266F1 /* MapMakerTests.swift in Sources */ = {isa = PBXBuildFile; fileRef = 2CC80A011A081DAA002266F1 /* MapMakerTests.swift */; };
		2CC80A0E1A081EF9002266F1 /* MapKit.framework in Frameworks */ = {isa = PBXBuildFile; fileRef = 2CC80A0D1A081EF9002266F1 /* MapKit.framework */; };
		2CC80A101A081F79002266F1 /* TabBarController.swift in Sources */ = {isa = PBXBuildFile; fileRef = 2CC80A0F1A081F79002266F1 /* TabBarController.swift */; };
		2CC80A121A081FE8002266F1 /* MapVC.swift in Sources */ = {isa = PBXBuildFile; fileRef = 2CC80A111A081FE8002266F1 /* MapVC.swift */; };
		2CC80A171A082AAB002266F1 /* NewRegionVC.swift in Sources */ = {isa = PBXBuildFile; fileRef = 2CC80A161A082AAB002266F1 /* NewRegionVC.swift */; };
/* End PBXBuildFile section */

/* Begin PBXContainerItemProxy section */
		2CC809FC1A081DAA002266F1 /* PBXContainerItemProxy */ = {
			isa = PBXContainerItemProxy;
			containerPortal = 2CC809DB1A081DAA002266F1 /* Project object */;
			proxyType = 1;
			remoteGlobalIDString = 2CC809E21A081DAA002266F1;
			remoteInfo = MapMaker;
		};
/* End PBXContainerItemProxy section */

/* Begin PBXFileReference section */
		2C07AC011A0830D2005473F1 /* MonitoredRegionsVC.swift */ = {isa = PBXFileReference; fileEncoding = 4; lastKnownFileType = sourcecode.swift; path = MonitoredRegionsVC.swift; sourceTree = "<group>"; };
		2C1932F41A0EE3D600AE22CC /* SelectedRegionVC.swift */ = {isa = PBXFileReference; fileEncoding = 4; lastKnownFileType = sourcecode.swift; path = SelectedRegionVC.swift; sourceTree = "<group>"; };
		2C1E51DF1A09816A00F5758F /* Reminder.swift */ = {isa = PBXFileReference; fileEncoding = 4; lastKnownFileType = sourcecode.swift; path = Reminder.swift; sourceTree = "<group>"; };
		2C97BF391A0AA37D00261381 /* MapMaker.entitlements */ = {isa = PBXFileReference; lastKnownFileType = text.xml; path = MapMaker.entitlements; sourceTree = "<group>"; };
		2C97BF3A1A0AA38C00261381 /* CloudKit.framework */ = {isa = PBXFileReference; lastKnownFileType = wrapper.framework; name = CloudKit.framework; path = System/Library/Frameworks/CloudKit.framework; sourceTree = SDKROOT; };
		2CC809E31A081DAA002266F1 /* MapMaker.app */ = {isa = PBXFileReference; explicitFileType = wrapper.application; includeInIndex = 0; path = MapMaker.app; sourceTree = BUILT_PRODUCTS_DIR; };
		2CC809E71A081DAA002266F1 /* Info.plist */ = {isa = PBXFileReference; lastKnownFileType = text.plist.xml; path = Info.plist; sourceTree = "<group>"; };
		2CC809E81A081DAA002266F1 /* AppDelegate.swift */ = {isa = PBXFileReference; lastKnownFileType = sourcecode.swift; path = AppDelegate.swift; sourceTree = "<group>"; };
		2CC809EB1A081DAA002266F1 /* MapMaker.xcdatamodel */ = {isa = PBXFileReference; lastKnownFileType = wrapper.xcdatamodel; path = MapMaker.xcdatamodel; sourceTree = "<group>"; };
		2CC809F01A081DAA002266F1 /* Base */ = {isa = PBXFileReference; lastKnownFileType = file.storyboard; name = Base; path = Base.lproj/Main.storyboard; sourceTree = "<group>"; };
		2CC809F21A081DAA002266F1 /* Images.xcassets */ = {isa = PBXFileReference; lastKnownFileType = folder.assetcatalog; path = Images.xcassets; sourceTree = "<group>"; };
		2CC809F51A081DAA002266F1 /* Base */ = {isa = PBXFileReference; lastKnownFileType = file.xib; name = Base; path = Base.lproj/LaunchScreen.xib; sourceTree = "<group>"; };
		2CC809FB1A081DAA002266F1 /* MapMakerTests.xctest */ = {isa = PBXFileReference; explicitFileType = wrapper.cfbundle; includeInIndex = 0; path = MapMakerTests.xctest; sourceTree = BUILT_PRODUCTS_DIR; };
		2CC80A001A081DAA002266F1 /* Info.plist */ = {isa = PBXFileReference; lastKnownFileType = text.plist.xml; path = Info.plist; sourceTree = "<group>"; };
		2CC80A011A081DAA002266F1 /* MapMakerTests.swift */ = {isa = PBXFileReference; lastKnownFileType = sourcecode.swift; path = MapMakerTests.swift; sourceTree = "<group>"; };
		2CC80A0D1A081EF9002266F1 /* MapKit.framework */ = {isa = PBXFileReference; lastKnownFileType = wrapper.framework; name = MapKit.framework; path = System/Library/Frameworks/MapKit.framework; sourceTree = SDKROOT; };
		2CC80A0F1A081F79002266F1 /* TabBarController.swift */ = {isa = PBXFileReference; fileEncoding = 4; lastKnownFileType = sourcecode.swift; path = TabBarController.swift; sourceTree = "<group>"; };
		2CC80A111A081FE8002266F1 /* MapVC.swift */ = {isa = PBXFileReference; fileEncoding = 4; lastKnownFileType = sourcecode.swift; path = MapVC.swift; sourceTree = "<group>"; };
		2CC80A161A082AAB002266F1 /* NewRegionVC.swift */ = {isa = PBXFileReference; fileEncoding = 4; lastKnownFileType = sourcecode.swift; path = NewRegionVC.swift; sourceTree = "<group>"; };
/* End PBXFileReference section */

/* Begin PBXFrameworksBuildPhase section */
		2CC809E01A081DAA002266F1 /* Frameworks */ = {
			isa = PBXFrameworksBuildPhase;
			buildActionMask = 2147483647;
			files = (
				2CC80A0E1A081EF9002266F1 /* MapKit.framework in Frameworks */,
				2C97BF3B1A0AA38D00261381 /* CloudKit.framework in Frameworks */,
			);
			runOnlyForDeploymentPostprocessing = 0;
		};
		2CC809F81A081DAA002266F1 /* Frameworks */ = {
			isa = PBXFrameworksBuildPhase;
			buildActionMask = 2147483647;
			files = (
			);
			runOnlyForDeploymentPostprocessing = 0;
		};
/* End PBXFrameworksBuildPhase section */

/* Begin PBXGroup section */
		2CC809DA1A081DAA002266F1 = {
			isa = PBXGroup;
			children = (
				2C97BF3A1A0AA38C00261381 /* CloudKit.framework */,
				2CC80A0D1A081EF9002266F1 /* MapKit.framework */,
				2CC809E51A081DAA002266F1 /* MapMaker */,
				2CC809FE1A081DAA002266F1 /* MapMakerTests */,
				2CC809E41A081DAA002266F1 /* Products */,
			);
			sourceTree = "<group>";
		};
		2CC809E41A081DAA002266F1 /* Products */ = {
			isa = PBXGroup;
			children = (
				2CC809E31A081DAA002266F1 /* MapMaker.app */,
				2CC809FB1A081DAA002266F1 /* MapMakerTests.xctest */,
			);
			name = Products;
			sourceTree = "<group>";
		};
		2CC809E51A081DAA002266F1 /* MapMaker */ = {
			isa = PBXGroup;
			children = (
				2CC80A141A082004002266F1 /* VIEWS */,
				2CC80A131A081FEF002266F1 /* CONTROLLERS */,
				2CC80A151A082012002266F1 /* OTHER FILES */,
			);
			path = MapMaker;
			sourceTree = "<group>";
		};
		2CC809E61A081DAA002266F1 /* Supporting Files */ = {
			isa = PBXGroup;
			children = (
				2CC809E71A081DAA002266F1 /* Info.plist */,
			);
			name = "Supporting Files";
			sourceTree = "<group>";
		};
		2CC809FE1A081DAA002266F1 /* MapMakerTests */ = {
			isa = PBXGroup;
			children = (
				2CC80A011A081DAA002266F1 /* MapMakerTests.swift */,
				2CC809FF1A081DAA002266F1 /* Supporting Files */,
			);
			path = MapMakerTests;
			sourceTree = "<group>";
		};
		2CC809FF1A081DAA002266F1 /* Supporting Files */ = {
			isa = PBXGroup;
			children = (
				2CC80A001A081DAA002266F1 /* Info.plist */,
			);
			name = "Supporting Files";
			sourceTree = "<group>";
		};
		2CC80A131A081FEF002266F1 /* CONTROLLERS */ = {
			isa = PBXGroup;
			children = (
				2CC80A0F1A081F79002266F1 /* TabBarController.swift */,
				2CC80A111A081FE8002266F1 /* MapVC.swift */,
				2C07AC011A0830D2005473F1 /* MonitoredRegionsVC.swift */,
				2CC80A161A082AAB002266F1 /* NewRegionVC.swift */,
				2C1932F41A0EE3D600AE22CC /* SelectedRegionVC.swift */,
			);
			name = CONTROLLERS;
			sourceTree = "<group>";
		};
		2CC80A141A082004002266F1 /* VIEWS */ = {
			isa = PBXGroup;
			children = (
				2CC809EF1A081DAA002266F1 /* Main.storyboard */,
			);
			name = VIEWS;
			sourceTree = "<group>";
		};
		2CC80A151A082012002266F1 /* OTHER FILES */ = {
			isa = PBXGroup;
			children = (
				2CC809E81A081DAA002266F1 /* AppDelegate.swift */,
				2C1E51DF1A09816A00F5758F /* Reminder.swift */,
				2CC809F21A081DAA002266F1 /* Images.xcassets */,
				2CC809F41A081DAA002266F1 /* LaunchScreen.xib */,
				2C97BF391A0AA37D00261381 /* MapMaker.entitlements */,
				2CC809EA1A081DAA002266F1 /* MapMaker.xcdatamodeld */,
				2CC809E61A081DAA002266F1 /* Supporting Files */,
			);
			name = "OTHER FILES";
			sourceTree = "<group>";
		};
/* End PBXGroup section */

/* Begin PBXNativeTarget section */
		2CC809E21A081DAA002266F1 /* MapMaker */ = {
			isa = PBXNativeTarget;
			buildConfigurationList = 2CC80A051A081DAA002266F1 /* Build configuration list for PBXNativeTarget "MapMaker" */;
			buildPhases = (
				2CC809DF1A081DAA002266F1 /* Sources */,
				2CC809E01A081DAA002266F1 /* Frameworks */,
				2CC809E11A081DAA002266F1 /* Resources */,
			);
			buildRules = (
			);
			dependencies = (
			);
			name = MapMaker;
			productName = MapMaker;
			productReference = 2CC809E31A081DAA002266F1 /* MapMaker.app */;
			productType = "com.apple.product-type.application";
		};
		2CC809FA1A081DAA002266F1 /* MapMakerTests */ = {
			isa = PBXNativeTarget;
			buildConfigurationList = 2CC80A081A081DAA002266F1 /* Build configuration list for PBXNativeTarget "MapMakerTests" */;
			buildPhases = (
				2CC809F71A081DAA002266F1 /* Sources */,
				2CC809F81A081DAA002266F1 /* Frameworks */,
				2CC809F91A081DAA002266F1 /* Resources */,
			);
			buildRules = (
			);
			dependencies = (
				2CC809FD1A081DAA002266F1 /* PBXTargetDependency */,
			);
			name = MapMakerTests;
			productName = MapMakerTests;
			productReference = 2CC809FB1A081DAA002266F1 /* MapMakerTests.xctest */;
			productType = "com.apple.product-type.bundle.unit-test";
		};
/* End PBXNativeTarget section */

/* Begin PBXProject section */
		2CC809DB1A081DAA002266F1 /* Project object */ = {
			isa = PBXProject;
			attributes = {
				LastUpgradeCheck = 0610;
				ORGANIZATIONNAME = CodeFellows;
				TargetAttributes = {
					2CC809E21A081DAA002266F1 = {
						CreatedOnToolsVersion = 6.1;
						DevelopmentTeam = J42Q5AV837;
						SystemCapabilities = {
							com.apple.Maps.iOS = {
								enabled = 1;
							};
							com.apple.iCloud = {
								enabled = 1;
							};
						};
					};
					2CC809FA1A081DAA002266F1 = {
						CreatedOnToolsVersion = 6.1;
						TestTargetID = 2CC809E21A081DAA002266F1;
					};
				};
			};
			buildConfigurationList = 2CC809DE1A081DAA002266F1 /* Build configuration list for PBXProject "MapMaker" */;
			compatibilityVersion = "Xcode 3.2";
			developmentRegion = English;
			hasScannedForEncodings = 0;
			knownRegions = (
				en,
				Base,
			);
			mainGroup = 2CC809DA1A081DAA002266F1;
			productRefGroup = 2CC809E41A081DAA002266F1 /* Products */;
			projectDirPath = "";
			projectRoot = "";
			targets = (
				2CC809E21A081DAA002266F1 /* MapMaker */,
				2CC809FA1A081DAA002266F1 /* MapMakerTests */,
			);
		};
/* End PBXProject section */

/* Begin PBXResourcesBuildPhase section */
		2CC809E11A081DAA002266F1 /* Resources */ = {
			isa = PBXResourcesBuildPhase;
			buildActionMask = 2147483647;
			files = (
				2CC809F11A081DAA002266F1 /* Main.storyboard in Resources */,
				2CC809F61A081DAA002266F1 /* LaunchScreen.xib in Resources */,
				2CC809F31A081DAA002266F1 /* Images.xcassets in Resources */,
			);
			runOnlyForDeploymentPostprocessing = 0;
		};
		2CC809F91A081DAA002266F1 /* Resources */ = {
			isa = PBXResourcesBuildPhase;
			buildActionMask = 2147483647;
			files = (
			);
			runOnlyForDeploymentPostprocessing = 0;
		};
/* End PBXResourcesBuildPhase section */

/* Begin PBXSourcesBuildPhase section */
		2CC809DF1A081DAA002266F1 /* Sources */ = {
			isa = PBXSourcesBuildPhase;
			buildActionMask = 2147483647;
			files = (
				2CC80A171A082AAB002266F1 /* NewRegionVC.swift in Sources */,
				2C1E51E01A09816A00F5758F /* Reminder.swift in Sources */,
				2CC80A101A081F79002266F1 /* TabBarController.swift in Sources */,
				2CC80A121A081FE8002266F1 /* MapVC.swift in Sources */,
				2CC809E91A081DAA002266F1 /* AppDelegate.swift in Sources */,
				2C07AC021A0830D2005473F1 /* MonitoredRegionsVC.swift in Sources */,
				2CC809EC1A081DAA002266F1 /* MapMaker.xcdatamodeld in Sources */,
				2C1932F51A0EE3D600AE22CC /* SelectedRegionVC.swift in Sources */,
			);
			runOnlyForDeploymentPostprocessing = 0;
		};
		2CC809F71A081DAA002266F1 /* Sources */ = {
			isa = PBXSourcesBuildPhase;
			buildActionMask = 2147483647;
			files = (
				2CC80A021A081DAA002266F1 /* MapMakerTests.swift in Sources */,
			);
			runOnlyForDeploymentPostprocessing = 0;
		};
/* End PBXSourcesBuildPhase section */

/* Begin PBXTargetDependency section */
		2CC809FD1A081DAA002266F1 /* PBXTargetDependency */ = {
			isa = PBXTargetDependency;
			target = 2CC809E21A081DAA002266F1 /* MapMaker */;
			targetProxy = 2CC809FC1A081DAA002266F1 /* PBXContainerItemProxy */;
		};
/* End PBXTargetDependency section */

/* Begin PBXVariantGroup section */
		2CC809EF1A081DAA002266F1 /* Main.storyboard */ = {
			isa = PBXVariantGroup;
			children = (
				2CC809F01A081DAA002266F1 /* Base */,
			);
			name = Main.storyboard;
			sourceTree = "<group>";
		};
		2CC809F41A081DAA002266F1 /* LaunchScreen.xib */ = {
			isa = PBXVariantGroup;
			children = (
				2CC809F51A081DAA002266F1 /* Base */,
			);
			name = LaunchScreen.xib;
			sourceTree = "<group>";
		};
/* End PBXVariantGroup section */

/* Begin XCBuildConfiguration section */
		2CC80A031A081DAA002266F1 /* Debug */ = {
			isa = XCBuildConfiguration;
			buildSettings = {
				ALWAYS_SEARCH_USER_PATHS = NO;
				CLANG_CXX_LANGUAGE_STANDARD = "gnu++0x";
				CLANG_CXX_LIBRARY = "libc++";
				CLANG_ENABLE_MODULES = YES;
				CLANG_ENABLE_OBJC_ARC = YES;
				CLANG_WARN_BOOL_CONVERSION = YES;
				CLANG_WARN_CONSTANT_CONVERSION = YES;
				CLANG_WARN_DIRECT_OBJC_ISA_USAGE = YES_ERROR;
				CLANG_WARN_EMPTY_BODY = YES;
				CLANG_WARN_ENUM_CONVERSION = YES;
				CLANG_WARN_INT_CONVERSION = YES;
				CLANG_WARN_OBJC_ROOT_CLASS = YES_ERROR;
				CLANG_WARN_UNREACHABLE_CODE = YES;
				CLANG_WARN__DUPLICATE_METHOD_MATCH = YES;
				"CODE_SIGN_IDENTITY[sdk=iphoneos*]" = "iPhone Developer";
				COPY_PHASE_STRIP = NO;
				ENABLE_STRICT_OBJC_MSGSEND = YES;
				GCC_C_LANGUAGE_STANDARD = gnu99;
				GCC_DYNAMIC_NO_PIC = NO;
				GCC_OPTIMIZATION_LEVEL = 0;
				GCC_PREPROCESSOR_DEFINITIONS = (
					"DEBUG=1",
					"$(inherited)",
				);
				GCC_SYMBOLS_PRIVATE_EXTERN = NO;
				GCC_WARN_64_TO_32_BIT_CONVERSION = YES;
				GCC_WARN_ABOUT_RETURN_TYPE = YES_ERROR;
				GCC_WARN_UNDECLARED_SELECTOR = YES;
				GCC_WARN_UNINITIALIZED_AUTOS = YES_AGGRESSIVE;
				GCC_WARN_UNUSED_FUNCTION = YES;
				GCC_WARN_UNUSED_VARIABLE = YES;
				IPHONEOS_DEPLOYMENT_TARGET = 8.1;
				MTL_ENABLE_DEBUG_INFO = YES;
				ONLY_ACTIVE_ARCH = YES;
				SDKROOT = iphoneos;
				SWIFT_OPTIMIZATION_LEVEL = "-Onone";
				TARGETED_DEVICE_FAMILY = "1,2";
			};
			name = Debug;
		};
		2CC80A041A081DAA002266F1 /* Release */ = {
			isa = XCBuildConfiguration;
			buildSettings = {
				ALWAYS_SEARCH_USER_PATHS = NO;
				CLANG_CXX_LANGUAGE_STANDARD = "gnu++0x";
				CLANG_CXX_LIBRARY = "libc++";
				CLANG_ENABLE_MODULES = YES;
				CLANG_ENABLE_OBJC_ARC = YES;
				CLANG_WARN_BOOL_CONVERSION = YES;
				CLANG_WARN_CONSTANT_CONVERSION = YES;
				CLANG_WARN_DIRECT_OBJC_ISA_USAGE = YES_ERROR;
				CLANG_WARN_EMPTY_BODY = YES;
				CLANG_WARN_ENUM_CONVERSION = YES;
				CLANG_WARN_INT_CONVERSION = YES;
				CLANG_WARN_OBJC_ROOT_CLASS = YES_ERROR;
				CLANG_WARN_UNREACHABLE_CODE = YES;
				CLANG_WARN__DUPLICATE_METHOD_MATCH = YES;
				"CODE_SIGN_IDENTITY[sdk=iphoneos*]" = "iPhone Developer";
				COPY_PHASE_STRIP = YES;
				ENABLE_NS_ASSERTIONS = NO;
				ENABLE_STRICT_OBJC_MSGSEND = YES;
				GCC_C_LANGUAGE_STANDARD = gnu99;
				GCC_WARN_64_TO_32_BIT_CONVERSION = YES;
				GCC_WARN_ABOUT_RETURN_TYPE = YES_ERROR;
				GCC_WARN_UNDECLARED_SELECTOR = YES;
				GCC_WARN_UNINITIALIZED_AUTOS = YES_AGGRESSIVE;
				GCC_WARN_UNUSED_FUNCTION = YES;
				GCC_WARN_UNUSED_VARIABLE = YES;
				IPHONEOS_DEPLOYMENT_TARGET = 8.1;
				MTL_ENABLE_DEBUG_INFO = NO;
				SDKROOT = iphoneos;
				TARGETED_DEVICE_FAMILY = "1,2";
				VALIDATE_PRODUCT = YES;
			};
			name = Release;
		};
		2CC80A061A081DAA002266F1 /* Debug */ = {
			isa = XCBuildConfiguration;
			buildSettings = {
				ASSETCATALOG_COMPILER_APPICON_NAME = AppIcon;
				CODE_SIGN_ENTITLEMENTS = MapMaker/MapMaker.entitlements;
				CODE_SIGN_IDENTITY = "iPhone Developer";
				"CODE_SIGN_IDENTITY[sdk=iphoneos*]" = "iPhone Developer";
				INFOPLIST_FILE = MapMaker/Info.plist;
				LD_RUNPATH_SEARCH_PATHS = "$(inherited) @executable_path/Frameworks";
				PRODUCT_NAME = "$(TARGET_NAME)";
				PROVISIONING_PROFILE = "";
			};
			name = Debug;
		};
		2CC80A071A081DAA002266F1 /* Release */ = {
			isa = XCBuildConfiguration;
			buildSettings = {
				ASSETCATALOG_COMPILER_APPICON_NAME = AppIcon;
				CODE_SIGN_ENTITLEMENTS = MapMaker/MapMaker.entitlements;
				CODE_SIGN_IDENTITY = "iPhone Developer";
				"CODE_SIGN_IDENTITY[sdk=iphoneos*]" = "iPhone Developer";
				INFOPLIST_FILE = MapMaker/Info.plist;
				LD_RUNPATH_SEARCH_PATHS = "$(inherited) @executable_path/Frameworks";
				PRODUCT_NAME = "$(TARGET_NAME)";
				PROVISIONING_PROFILE = "";
			};
			name = Release;
		};
		2CC80A091A081DAA002266F1 /* Debug */ = {
			isa = XCBuildConfiguration;
			buildSettings = {
				BUNDLE_LOADER = "$(TEST_HOST)";
				FRAMEWORK_SEARCH_PATHS = (
					"$(SDKROOT)/Developer/Library/Frameworks",
					"$(inherited)",
				);
				GCC_PREPROCESSOR_DEFINITIONS = (
					"DEBUG=1",
					"$(inherited)",
				);
				INFOPLIST_FILE = MapMakerTests/Info.plist;
				LD_RUNPATH_SEARCH_PATHS = "$(inherited) @executable_path/Frameworks @loader_path/Frameworks";
				PRODUCT_NAME = "$(TARGET_NAME)";
				TEST_HOST = "$(BUILT_PRODUCTS_DIR)/MapMaker.app/MapMaker";
			};
			name = Debug;
		};
		2CC80A0A1A081DAA002266F1 /* Release */ = {
			isa = XCBuildConfiguration;
			buildSettings = {
				BUNDLE_LOADER = "$(TEST_HOST)";
				FRAMEWORK_SEARCH_PATHS = (
					"$(SDKROOT)/Developer/Library/Frameworks",
					"$(inherited)",
				);
				INFOPLIST_FILE = MapMakerTests/Info.plist;
				LD_RUNPATH_SEARCH_PATHS = "$(inherited) @executable_path/Frameworks @loader_path/Frameworks";
				PRODUCT_NAME = "$(TARGET_NAME)";
				TEST_HOST = "$(BUILT_PRODUCTS_DIR)/MapMaker.app/MapMaker";
			};
			name = Release;
		};
/* End XCBuildConfiguration section */

/* Begin XCConfigurationList section */
		2CC809DE1A081DAA002266F1 /* Build configuration list for PBXProject "MapMaker" */ = {
			isa = XCConfigurationList;
			buildConfigurations = (
				2CC80A031A081DAA002266F1 /* Debug */,
				2CC80A041A081DAA002266F1 /* Release */,
			);
			defaultConfigurationIsVisible = 0;
			defaultConfigurationName = Release;
		};
		2CC80A051A081DAA002266F1 /* Build configuration list for PBXNativeTarget "MapMaker" */ = {
			isa = XCConfigurationList;
			buildConfigurations = (
				2CC80A061A081DAA002266F1 /* Debug */,
				2CC80A071A081DAA002266F1 /* Release */,
			);
			defaultConfigurationIsVisible = 0;
			defaultConfigurationName = Release;
		};
		2CC80A081A081DAA002266F1 /* Build configuration list for PBXNativeTarget "MapMakerTests" */ = {
			isa = XCConfigurationList;
			buildConfigurations = (
				2CC80A091A081DAA002266F1 /* Debug */,
				2CC80A0A1A081DAA002266F1 /* Release */,
			);
			defaultConfigurationIsVisible = 0;
			defaultConfigurationName = Release;
		};
/* End XCConfigurationList section */

/* Begin XCVersionGroup section */
		2CC809EA1A081DAA002266F1 /* MapMaker.xcdatamodeld */ = {
			isa = XCVersionGroup;
			children = (
				2CC809EB1A081DAA002266F1 /* MapMaker.xcdatamodel */,
			);
			currentVersion = 2CC809EB1A081DAA002266F1 /* MapMaker.xcdatamodel */;
			path = MapMaker.xcdatamodeld;
			sourceTree = "<group>";
			versionGroupType = wrapper.xcdatamodel;
		};
/* End XCVersionGroup section */
	};
	rootObject = 2CC809DB1A081DAA002266F1 /* Project object */;
}
